// !$*UTF8*$!
{
	archiveVersion = 1;
	classes = {
	};
	objectVersion = 50;
	objects = {

/* Begin PBXBuildFile section */
		2D3750B5F73D753BED5908B1 /* Pods_CatchPracticleTestDemo_CatchPracticleTestDemoUITests.framework in Frameworks */ = {isa = PBXBuildFile; fileRef = FE4CB59068CD95E563008FE8 /* Pods_CatchPracticleTestDemo_CatchPracticleTestDemoUITests.framework */; };
		70F81078268D441100EC441E /* AppDelegate.swift in Sources */ = {isa = PBXBuildFile; fileRef = 70F81077268D441100EC441E /* AppDelegate.swift */; };
		70F8107A268D441100EC441E /* SceneDelegate.swift in Sources */ = {isa = PBXBuildFile; fileRef = 70F81079268D441100EC441E /* SceneDelegate.swift */; };
		70F8107C268D441100EC441E /* ViewController.swift in Sources */ = {isa = PBXBuildFile; fileRef = 70F8107B268D441100EC441E /* ViewController.swift */; };
		70F8107F268D441100EC441E /* Main.storyboard in Resources */ = {isa = PBXBuildFile; fileRef = 70F8107D268D441100EC441E /* Main.storyboard */; };
		70F81081268D441400EC441E /* Assets.xcassets in Resources */ = {isa = PBXBuildFile; fileRef = 70F81080268D441400EC441E /* Assets.xcassets */; };
		70F81084268D441400EC441E /* LaunchScreen.storyboard in Resources */ = {isa = PBXBuildFile; fileRef = 70F81082268D441400EC441E /* LaunchScreen.storyboard */; };
		70F8108F268D441400EC441E /* CatchPracticleTestDemoTests.swift in Sources */ = {isa = PBXBuildFile; fileRef = 70F8108E268D441400EC441E /* CatchPracticleTestDemoTests.swift */; };
		70F8109A268D441400EC441E /* CatchPracticleTestDemoUITests.swift in Sources */ = {isa = PBXBuildFile; fileRef = 70F81099268D441400EC441E /* CatchPracticleTestDemoUITests.swift */; };
		A47DF5FCF2E984EFA528AFE2 /* Pods_CatchPracticleTestDemoTests.framework in Frameworks */ = {isa = PBXBuildFile; fileRef = F657011FBFE3BA2C0873FFF9 /* Pods_CatchPracticleTestDemoTests.framework */; };
		DB487E9CF9D7D8328E47C1E6 /* Pods_CatchPracticleTestDemo.framework in Frameworks */ = {isa = PBXBuildFile; fileRef = F947745B89D5B7594F9059DE /* Pods_CatchPracticleTestDemo.framework */; };
/* End PBXBuildFile section */

/* Begin PBXContainerItemProxy section */
		70F8108B268D441400EC441E /* PBXContainerItemProxy */ = {
			isa = PBXContainerItemProxy;
			containerPortal = 70F8106C268D441100EC441E /* Project object */;
			proxyType = 1;
			remoteGlobalIDString = 70F81073268D441100EC441E;
			remoteInfo = CatchPracticleTestDemo;
		};
		70F81096268D441400EC441E /* PBXContainerItemProxy */ = {
			isa = PBXContainerItemProxy;
			containerPortal = 70F8106C268D441100EC441E /* Project object */;
			proxyType = 1;
			remoteGlobalIDString = 70F81073268D441100EC441E;
			remoteInfo = CatchPracticleTestDemo;
		};
/* End PBXContainerItemProxy section */

/* Begin PBXFileReference section */
		200E1FDCBA9ACB396F982322 /* Pods-CatchPracticleTestDemo.debug.xcconfig */ = {isa = PBXFileReference; includeInIndex = 1; lastKnownFileType = text.xcconfig; name = "Pods-CatchPracticleTestDemo.debug.xcconfig"; path = "Target Support Files/Pods-CatchPracticleTestDemo/Pods-CatchPracticleTestDemo.debug.xcconfig"; sourceTree = "<group>"; };
		63AA4E54C0CB92E658B07285 /* Pods-CatchPracticleTestDemo.release.xcconfig */ = {isa = PBXFileReference; includeInIndex = 1; lastKnownFileType = text.xcconfig; name = "Pods-CatchPracticleTestDemo.release.xcconfig"; path = "Target Support Files/Pods-CatchPracticleTestDemo/Pods-CatchPracticleTestDemo.release.xcconfig"; sourceTree = "<group>"; };
		640C46C8F731F110DB1A485E /* Pods-CatchPracticleTestDemo-CatchPracticleTestDemoUITests.debug.xcconfig */ = {isa = PBXFileReference; includeInIndex = 1; lastKnownFileType = text.xcconfig; name = "Pods-CatchPracticleTestDemo-CatchPracticleTestDemoUITests.debug.xcconfig"; path = "Target Support Files/Pods-CatchPracticleTestDemo-CatchPracticleTestDemoUITests/Pods-CatchPracticleTestDemo-CatchPracticleTestDemoUITests.debug.xcconfig"; sourceTree = "<group>"; };
		70F81074268D441100EC441E /* CatchPracticleTestDemo.app */ = {isa = PBXFileReference; explicitFileType = wrapper.application; includeInIndex = 0; path = CatchPracticleTestDemo.app; sourceTree = BUILT_PRODUCTS_DIR; };
		70F81077268D441100EC441E /* AppDelegate.swift */ = {isa = PBXFileReference; lastKnownFileType = sourcecode.swift; path = AppDelegate.swift; sourceTree = "<group>"; };
		70F81079268D441100EC441E /* SceneDelegate.swift */ = {isa = PBXFileReference; lastKnownFileType = sourcecode.swift; path = SceneDelegate.swift; sourceTree = "<group>"; };
		70F8107B268D441100EC441E /* ViewController.swift */ = {isa = PBXFileReference; lastKnownFileType = sourcecode.swift; path = ViewController.swift; sourceTree = "<group>"; };
		70F8107E268D441100EC441E /* Base */ = {isa = PBXFileReference; lastKnownFileType = file.storyboard; name = Base; path = Base.lproj/Main.storyboard; sourceTree = "<group>"; };
		70F81080268D441400EC441E /* Assets.xcassets */ = {isa = PBXFileReference; lastKnownFileType = folder.assetcatalog; path = Assets.xcassets; sourceTree = "<group>"; };
		70F81083268D441400EC441E /* Base */ = {isa = PBXFileReference; lastKnownFileType = file.storyboard; name = Base; path = Base.lproj/LaunchScreen.storyboard; sourceTree = "<group>"; };
		70F81085268D441400EC441E /* Info.plist */ = {isa = PBXFileReference; lastKnownFileType = text.plist.xml; path = Info.plist; sourceTree = "<group>"; };
		70F8108A268D441400EC441E /* CatchPracticleTestDemoTests.xctest */ = {isa = PBXFileReference; explicitFileType = wrapper.cfbundle; includeInIndex = 0; path = CatchPracticleTestDemoTests.xctest; sourceTree = BUILT_PRODUCTS_DIR; };
		70F8108E268D441400EC441E /* CatchPracticleTestDemoTests.swift */ = {isa = PBXFileReference; lastKnownFileType = sourcecode.swift; path = CatchPracticleTestDemoTests.swift; sourceTree = "<group>"; };
		70F81090268D441400EC441E /* Info.plist */ = {isa = PBXFileReference; lastKnownFileType = text.plist.xml; path = Info.plist; sourceTree = "<group>"; };
		70F81095268D441400EC441E /* CatchPracticleTestDemoUITests.xctest */ = {isa = PBXFileReference; explicitFileType = wrapper.cfbundle; includeInIndex = 0; path = CatchPracticleTestDemoUITests.xctest; sourceTree = BUILT_PRODUCTS_DIR; };
		70F81099268D441400EC441E /* CatchPracticleTestDemoUITests.swift */ = {isa = PBXFileReference; lastKnownFileType = sourcecode.swift; path = CatchPracticleTestDemoUITests.swift; sourceTree = "<group>"; };
		70F8109B268D441400EC441E /* Info.plist */ = {isa = PBXFileReference; lastKnownFileType = text.plist.xml; path = Info.plist; sourceTree = "<group>"; };
		8327F8D158628A08D3197AB9 /* Pods-CatchPracticleTestDemoTests.debug.xcconfig */ = {isa = PBXFileReference; includeInIndex = 1; lastKnownFileType = text.xcconfig; name = "Pods-CatchPracticleTestDemoTests.debug.xcconfig"; path = "Target Support Files/Pods-CatchPracticleTestDemoTests/Pods-CatchPracticleTestDemoTests.debug.xcconfig"; sourceTree = "<group>"; };
		C221D4FF000E7A4871574E9E /* Pods-CatchPracticleTestDemoTests.release.xcconfig */ = {isa = PBXFileReference; includeInIndex = 1; lastKnownFileType = text.xcconfig; name = "Pods-CatchPracticleTestDemoTests.release.xcconfig"; path = "Target Support Files/Pods-CatchPracticleTestDemoTests/Pods-CatchPracticleTestDemoTests.release.xcconfig"; sourceTree = "<group>"; };
		E85094D295F9D36B0AC939BF /* Pods-CatchPracticleTestDemo-CatchPracticleTestDemoUITests.release.xcconfig */ = {isa = PBXFileReference; includeInIndex = 1; lastKnownFileType = text.xcconfig; name = "Pods-CatchPracticleTestDemo-CatchPracticleTestDemoUITests.release.xcconfig"; path = "Target Support Files/Pods-CatchPracticleTestDemo-CatchPracticleTestDemoUITests/Pods-CatchPracticleTestDemo-CatchPracticleTestDemoUITests.release.xcconfig"; sourceTree = "<group>"; };
		F657011FBFE3BA2C0873FFF9 /* Pods_CatchPracticleTestDemoTests.framework */ = {isa = PBXFileReference; explicitFileType = wrapper.framework; includeInIndex = 0; path = Pods_CatchPracticleTestDemoTests.framework; sourceTree = BUILT_PRODUCTS_DIR; };
		F947745B89D5B7594F9059DE /* Pods_CatchPracticleTestDemo.framework */ = {isa = PBXFileReference; explicitFileType = wrapper.framework; includeInIndex = 0; path = Pods_CatchPracticleTestDemo.framework; sourceTree = BUILT_PRODUCTS_DIR; };
		FE4CB59068CD95E563008FE8 /* Pods_CatchPracticleTestDemo_CatchPracticleTestDemoUITests.framework */ = {isa = PBXFileReference; explicitFileType = wrapper.framework; includeInIndex = 0; path = Pods_CatchPracticleTestDemo_CatchPracticleTestDemoUITests.framework; sourceTree = BUILT_PRODUCTS_DIR; };
/* End PBXFileReference section */

/* Begin PBXFrameworksBuildPhase section */
		70F81071268D441100EC441E /* Frameworks */ = {
			isa = PBXFrameworksBuildPhase;
			buildActionMask = 2147483647;
			files = (
				DB487E9CF9D7D8328E47C1E6 /* Pods_CatchPracticleTestDemo.framework in Frameworks */,
			);
			runOnlyForDeploymentPostprocessing = 0;
		};
		70F81087268D441400EC441E /* Frameworks */ = {
			isa = PBXFrameworksBuildPhase;
			buildActionMask = 2147483647;
			files = (
				A47DF5FCF2E984EFA528AFE2 /* Pods_CatchPracticleTestDemoTests.framework in Frameworks */,
			);
			runOnlyForDeploymentPostprocessing = 0;
		};
		70F81092268D441400EC441E /* Frameworks */ = {
			isa = PBXFrameworksBuildPhase;
			buildActionMask = 2147483647;
			files = (
				2D3750B5F73D753BED5908B1 /* Pods_CatchPracticleTestDemo_CatchPracticleTestDemoUITests.framework in Frameworks */,
			);
			runOnlyForDeploymentPostprocessing = 0;
		};
/* End PBXFrameworksBuildPhase section */

/* Begin PBXGroup section */
		4C5497187A2AF8AC68FFD4C1 /* Frameworks */ = {
			isa = PBXGroup;
			children = (
				F947745B89D5B7594F9059DE /* Pods_CatchPracticleTestDemo.framework */,
				FE4CB59068CD95E563008FE8 /* Pods_CatchPracticleTestDemo_CatchPracticleTestDemoUITests.framework */,
				F657011FBFE3BA2C0873FFF9 /* Pods_CatchPracticleTestDemoTests.framework */,
			);
			name = Frameworks;
			sourceTree = "<group>";
		};
		70F8106B268D441100EC441E = {
			isa = PBXGroup;
			children = (
				70F81076268D441100EC441E /* CatchPracticleTestDemo */,
				70F8108D268D441400EC441E /* CatchPracticleTestDemoTests */,
				70F81098268D441400EC441E /* CatchPracticleTestDemoUITests */,
				70F81075268D441100EC441E /* Products */,
				E681BB8E7A394D84684FBD38 /* Pods */,
				4C5497187A2AF8AC68FFD4C1 /* Frameworks */,
			);
			sourceTree = "<group>";
		};
		70F81075268D441100EC441E /* Products */ = {
			isa = PBXGroup;
			children = (
				70F81074268D441100EC441E /* CatchPracticleTestDemo.app */,
				70F8108A268D441400EC441E /* CatchPracticleTestDemoTests.xctest */,
				70F81095268D441400EC441E /* CatchPracticleTestDemoUITests.xctest */,
			);
			name = Products;
			sourceTree = "<group>";
		};
		70F81076268D441100EC441E /* CatchPracticleTestDemo */ = {
			isa = PBXGroup;
			children = (
				70F81077268D441100EC441E /* AppDelegate.swift */,
				70F81079268D441100EC441E /* SceneDelegate.swift */,
				70F8107B268D441100EC441E /* ViewController.swift */,
				70F8107D268D441100EC441E /* Main.storyboard */,
				70F81080268D441400EC441E /* Assets.xcassets */,
				70F81082268D441400EC441E /* LaunchScreen.storyboard */,
				70F81085268D441400EC441E /* Info.plist */,
			);
			path = CatchPracticleTestDemo;
			sourceTree = "<group>";
		};
		70F8108D268D441400EC441E /* CatchPracticleTestDemoTests */ = {
			isa = PBXGroup;
			children = (
				70F8108E268D441400EC441E /* CatchPracticleTestDemoTests.swift */,
				70F81090268D441400EC441E /* Info.plist */,
			);
			path = CatchPracticleTestDemoTests;
			sourceTree = "<group>";
		};
		70F81098268D441400EC441E /* CatchPracticleTestDemoUITests */ = {
			isa = PBXGroup;
			children = (
				70F81099268D441400EC441E /* CatchPracticleTestDemoUITests.swift */,
				70F8109B268D441400EC441E /* Info.plist */,
			);
			path = CatchPracticleTestDemoUITests;
			sourceTree = "<group>";
		};
		E681BB8E7A394D84684FBD38 /* Pods */ = {
			isa = PBXGroup;
			children = (
				200E1FDCBA9ACB396F982322 /* Pods-CatchPracticleTestDemo.debug.xcconfig */,
				63AA4E54C0CB92E658B07285 /* Pods-CatchPracticleTestDemo.release.xcconfig */,
				640C46C8F731F110DB1A485E /* Pods-CatchPracticleTestDemo-CatchPracticleTestDemoUITests.debug.xcconfig */,
				E85094D295F9D36B0AC939BF /* Pods-CatchPracticleTestDemo-CatchPracticleTestDemoUITests.release.xcconfig */,
				8327F8D158628A08D3197AB9 /* Pods-CatchPracticleTestDemoTests.debug.xcconfig */,
				C221D4FF000E7A4871574E9E /* Pods-CatchPracticleTestDemoTests.release.xcconfig */,
			);
			name = Pods;
			path = Pods;
			sourceTree = "<group>";
		};
/* End PBXGroup section */

/* Begin PBXNativeTarget section */
		70F81073268D441100EC441E /* CatchPracticleTestDemo */ = {
			isa = PBXNativeTarget;
			buildConfigurationList = 70F8109E268D441400EC441E /* Build configuration list for PBXNativeTarget "CatchPracticleTestDemo" */;
			buildPhases = (
				57853E6D7CEA94D6853D75A2 /* [CP] Check Pods Manifest.lock */,
				70F81070268D441100EC441E /* Sources */,
				70F81071268D441100EC441E /* Frameworks */,
				70F81072268D441100EC441E /* Resources */,
				660B23F5409E653A3C61E213 /* [CP] Embed Pods Frameworks */,
			);
			buildRules = (
			);
			dependencies = (
			);
			name = CatchPracticleTestDemo;
			productName = CatchPracticleTestDemo;
			productReference = 70F81074268D441100EC441E /* CatchPracticleTestDemo.app */;
			productType = "com.apple.product-type.application";
		};
		70F81089268D441400EC441E /* CatchPracticleTestDemoTests */ = {
			isa = PBXNativeTarget;
			buildConfigurationList = 70F810A1268D441400EC441E /* Build configuration list for PBXNativeTarget "CatchPracticleTestDemoTests" */;
			buildPhases = (
				CF64339C1C6EE9791C8219FF /* [CP] Check Pods Manifest.lock */,
				70F81086268D441400EC441E /* Sources */,
				70F81087268D441400EC441E /* Frameworks */,
				70F81088268D441400EC441E /* Resources */,
			);
			buildRules = (
			);
			dependencies = (
				70F8108C268D441400EC441E /* PBXTargetDependency */,
			);
			name = CatchPracticleTestDemoTests;
			productName = CatchPracticleTestDemoTests;
			productReference = 70F8108A268D441400EC441E /* CatchPracticleTestDemoTests.xctest */;
			productType = "com.apple.product-type.bundle.unit-test";
		};
		70F81094268D441400EC441E /* CatchPracticleTestDemoUITests */ = {
			isa = PBXNativeTarget;
			buildConfigurationList = 70F810A4268D441400EC441E /* Build configuration list for PBXNativeTarget "CatchPracticleTestDemoUITests" */;
			buildPhases = (
				D8D4F7682A8431498D9BB753 /* [CP] Check Pods Manifest.lock */,
				70F81091268D441400EC441E /* Sources */,
				70F81092268D441400EC441E /* Frameworks */,
				70F81093268D441400EC441E /* Resources */,
				B81BC063051B76DBE2B676C3 /* [CP] Embed Pods Frameworks */,
			);
			buildRules = (
			);
			dependencies = (
				70F81097268D441400EC441E /* PBXTargetDependency */,
			);
			name = CatchPracticleTestDemoUITests;
			productName = CatchPracticleTestDemoUITests;
			productReference = 70F81095268D441400EC441E /* CatchPracticleTestDemoUITests.xctest */;
			productType = "com.apple.product-type.bundle.ui-testing";
		};
/* End PBXNativeTarget section */

/* Begin PBXProject section */
		70F8106C268D441100EC441E /* Project object */ = {
			isa = PBXProject;
			attributes = {
				LastSwiftUpdateCheck = 1250;
				LastUpgradeCheck = 1250;
				TargetAttributes = {
					70F81073268D441100EC441E = {
						CreatedOnToolsVersion = 12.5.1;
					};
					70F81089268D441400EC441E = {
						CreatedOnToolsVersion = 12.5.1;
						TestTargetID = 70F81073268D441100EC441E;
					};
					70F81094268D441400EC441E = {
						CreatedOnToolsVersion = 12.5.1;
						TestTargetID = 70F81073268D441100EC441E;
					};
				};
			};
			buildConfigurationList = 70F8106F268D441100EC441E /* Build configuration list for PBXProject "CatchPracticleTestDemo" */;
			compatibilityVersion = "Xcode 9.3";
			developmentRegion = en;
			hasScannedForEncodings = 0;
			knownRegions = (
				en,
				Base,
			);
			mainGroup = 70F8106B268D441100EC441E;
			productRefGroup = 70F81075268D441100EC441E /* Products */;
			projectDirPath = "";
			projectRoot = "";
			targets = (
				70F81073268D441100EC441E /* CatchPracticleTestDemo */,
				70F81089268D441400EC441E /* CatchPracticleTestDemoTests */,
				70F81094268D441400EC441E /* CatchPracticleTestDemoUITests */,
			);
		};
/* End PBXProject section */

/* Begin PBXResourcesBuildPhase section */
		70F81072268D441100EC441E /* Resources */ = {
			isa = PBXResourcesBuildPhase;
			buildActionMask = 2147483647;
			files = (
				70F81084268D441400EC441E /* LaunchScreen.storyboard in Resources */,
				70F81081268D441400EC441E /* Assets.xcassets in Resources */,
				70F8107F268D441100EC441E /* Main.storyboard in Resources */,
			);
			runOnlyForDeploymentPostprocessing = 0;
		};
		70F81088268D441400EC441E /* Resources */ = {
			isa = PBXResourcesBuildPhase;
			buildActionMask = 2147483647;
			files = (
			);
			runOnlyForDeploymentPostprocessing = 0;
		};
		70F81093268D441400EC441E /* Resources */ = {
			isa = PBXResourcesBuildPhase;
			buildActionMask = 2147483647;
			files = (
			);
			runOnlyForDeploymentPostprocessing = 0;
		};
/* End PBXResourcesBuildPhase section */

/* Begin PBXShellScriptBuildPhase section */
		57853E6D7CEA94D6853D75A2 /* [CP] Check Pods Manifest.lock */ = {
			isa = PBXShellScriptBuildPhase;
			buildActionMask = 2147483647;
			files = (
			);
			inputFileListPaths = (
			);
			inputPaths = (
				"${PODS_PODFILE_DIR_PATH}/Podfile.lock",
				"${PODS_ROOT}/Manifest.lock",
			);
			name = "[CP] Check Pods Manifest.lock";
			outputFileListPaths = (
			);
			outputPaths = (
				"$(DERIVED_FILE_DIR)/Pods-CatchPracticleTestDemo-checkManifestLockResult.txt",
			);
			runOnlyForDeploymentPostprocessing = 0;
			shellPath = /bin/sh;
			shellScript = "diff \"${PODS_PODFILE_DIR_PATH}/Podfile.lock\" \"${PODS_ROOT}/Manifest.lock\" > /dev/null\nif [ $? != 0 ] ; then\n    # print error to STDERR\n    echo \"error: The sandbox is not in sync with the Podfile.lock. Run 'pod install' or update your CocoaPods installation.\" >&2\n    exit 1\nfi\n# This output is used by Xcode 'outputs' to avoid re-running this script phase.\necho \"SUCCESS\" > \"${SCRIPT_OUTPUT_FILE_0}\"\n";
			showEnvVarsInLog = 0;
		};
		660B23F5409E653A3C61E213 /* [CP] Embed Pods Frameworks */ = {
			isa = PBXShellScriptBuildPhase;
			buildActionMask = 2147483647;
			files = (
			);
			inputFileListPaths = (
				"${PODS_ROOT}/Target Support Files/Pods-CatchPracticleTestDemo/Pods-CatchPracticleTestDemo-frameworks-${CONFIGURATION}-input-files.xcfilelist",
			);
			name = "[CP] Embed Pods Frameworks";
			outputFileListPaths = (
				"${PODS_ROOT}/Target Support Files/Pods-CatchPracticleTestDemo/Pods-CatchPracticleTestDemo-frameworks-${CONFIGURATION}-output-files.xcfilelist",
			);
			runOnlyForDeploymentPostprocessing = 0;
			shellPath = /bin/sh;
			shellScript = "\"${PODS_ROOT}/Target Support Files/Pods-CatchPracticleTestDemo/Pods-CatchPracticleTestDemo-frameworks.sh\"\n";
			showEnvVarsInLog = 0;
		};
		B81BC063051B76DBE2B676C3 /* [CP] Embed Pods Frameworks */ = {
			isa = PBXShellScriptBuildPhase;
			buildActionMask = 2147483647;
			files = (
			);
			inputFileListPaths = (
				"${PODS_ROOT}/Target Support Files/Pods-CatchPracticleTestDemo-CatchPracticleTestDemoUITests/Pods-CatchPracticleTestDemo-CatchPracticleTestDemoUITests-frameworks-${CONFIGURATION}-input-files.xcfilelist",
			);
			name = "[CP] Embed Pods Frameworks";
			outputFileListPaths = (
				"${PODS_ROOT}/Target Support Files/Pods-CatchPracticleTestDemo-CatchPracticleTestDemoUITests/Pods-CatchPracticleTestDemo-CatchPracticleTestDemoUITests-frameworks-${CONFIGURATION}-output-files.xcfilelist",
			);
			runOnlyForDeploymentPostprocessing = 0;
			shellPath = /bin/sh;
			shellScript = "\"${PODS_ROOT}/Target Support Files/Pods-CatchPracticleTestDemo-CatchPracticleTestDemoUITests/Pods-CatchPracticleTestDemo-CatchPracticleTestDemoUITests-frameworks.sh\"\n";
			showEnvVarsInLog = 0;
		};
		CF64339C1C6EE9791C8219FF /* [CP] Check Pods Manifest.lock */ = {
			isa = PBXShellScriptBuildPhase;
			buildActionMask = 2147483647;
			files = (
			);
			inputFileListPaths = (
			);
			inputPaths = (
				"${PODS_PODFILE_DIR_PATH}/Podfile.lock",
				"${PODS_ROOT}/Manifest.lock",
			);
			name = "[CP] Check Pods Manifest.lock";
			outputFileListPaths = (
			);
			outputPaths = (
				"$(DERIVED_FILE_DIR)/Pods-CatchPracticleTestDemoTests-checkManifestLockResult.txt",
			);
			runOnlyForDeploymentPostprocessing = 0;
			shellPath = /bin/sh;
			shellScript = "diff \"${PODS_PODFILE_DIR_PATH}/Podfile.lock\" \"${PODS_ROOT}/Manifest.lock\" > /dev/null\nif [ $? != 0 ] ; then\n    # print error to STDERR\n    echo \"error: The sandbox is not in sync with the Podfile.lock. Run 'pod install' or update your CocoaPods installation.\" >&2\n    exit 1\nfi\n# This output is used by Xcode 'outputs' to avoid re-running this script phase.\necho \"SUCCESS\" > \"${SCRIPT_OUTPUT_FILE_0}\"\n";
			showEnvVarsInLog = 0;
		};
		D8D4F7682A8431498D9BB753 /* [CP] Check Pods Manifest.lock */ = {
			isa = PBXShellScriptBuildPhase;
			buildActionMask = 2147483647;
			files = (
			);
			inputFileListPaths = (
			);
			inputPaths = (
				"${PODS_PODFILE_DIR_PATH}/Podfile.lock",
				"${PODS_ROOT}/Manifest.lock",
			);
			name = "[CP] Check Pods Manifest.lock";
			outputFileListPaths = (
			);
			outputPaths = (
				"$(DERIVED_FILE_DIR)/Pods-CatchPracticleTestDemo-CatchPracticleTestDemoUITests-checkManifestLockResult.txt",
			);
			runOnlyForDeploymentPostprocessing = 0;
			shellPath = /bin/sh;
			shellScript = "diff \"${PODS_PODFILE_DIR_PATH}/Podfile.lock\" \"${PODS_ROOT}/Manifest.lock\" > /dev/null\nif [ $? != 0 ] ; then\n    # print error to STDERR\n    echo \"error: The sandbox is not in sync with the Podfile.lock. Run 'pod install' or update your CocoaPods installation.\" >&2\n    exit 1\nfi\n# This output is used by Xcode 'outputs' to avoid re-running this script phase.\necho \"SUCCESS\" > \"${SCRIPT_OUTPUT_FILE_0}\"\n";
			showEnvVarsInLog = 0;
		};
/* End PBXShellScriptBuildPhase section */

/* Begin PBXSourcesBuildPhase section */
		70F81070268D441100EC441E /* Sources */ = {
			isa = PBXSourcesBuildPhase;
			buildActionMask = 2147483647;
			files = (
				70F8107C268D441100EC441E /* ViewController.swift in Sources */,
				70F81078268D441100EC441E /* AppDelegate.swift in Sources */,
				70F8107A268D441100EC441E /* SceneDelegate.swift in Sources */,
			);
			runOnlyForDeploymentPostprocessing = 0;
		};
		70F81086268D441400EC441E /* Sources */ = {
			isa = PBXSourcesBuildPhase;
			buildActionMask = 2147483647;
			files = (
				70F8108F268D441400EC441E /* CatchPracticleTestDemoTests.swift in Sources */,
			);
			runOnlyForDeploymentPostprocessing = 0;
		};
		70F81091268D441400EC441E /* Sources */ = {
			isa = PBXSourcesBuildPhase;
			buildActionMask = 2147483647;
			files = (
				70F8109A268D441400EC441E /* CatchPracticleTestDemoUITests.swift in Sources */,
			);
			runOnlyForDeploymentPostprocessing = 0;
		};
/* End PBXSourcesBuildPhase section */

/* Begin PBXTargetDependency section */
		70F8108C268D441400EC441E /* PBXTargetDependency */ = {
			isa = PBXTargetDependency;
			target = 70F81073268D441100EC441E /* CatchPracticleTestDemo */;
			targetProxy = 70F8108B268D441400EC441E /* PBXContainerItemProxy */;
		};
		70F81097268D441400EC441E /* PBXTargetDependency */ = {
			isa = PBXTargetDependency;
			target = 70F81073268D441100EC441E /* CatchPracticleTestDemo */;
			targetProxy = 70F81096268D441400EC441E /* PBXContainerItemProxy */;
		};
/* End PBXTargetDependency section */

/* Begin PBXVariantGroup section */
		70F8107D268D441100EC441E /* Main.storyboard */ = {
			isa = PBXVariantGroup;
			children = (
				70F8107E268D441100EC441E /* Base */,
			);
			name = Main.storyboard;
			sourceTree = "<group>";
		};
		70F81082268D441400EC441E /* LaunchScreen.storyboard */ = {
			isa = PBXVariantGroup;
			children = (
				70F81083268D441400EC441E /* Base */,
			);
			name = LaunchScreen.storyboard;
			sourceTree = "<group>";
		};
/* End PBXVariantGroup section */

/* Begin XCBuildConfiguration section */
		70F8109C268D441400EC441E /* Debug */ = {
			isa = XCBuildConfiguration;
			buildSettings = {
				ALWAYS_SEARCH_USER_PATHS = NO;
				CLANG_ANALYZER_NONNULL = YES;
				CLANG_ANALYZER_NUMBER_OBJECT_CONVERSION = YES_AGGRESSIVE;
				CLANG_CXX_LANGUAGE_STANDARD = "gnu++14";
				CLANG_CXX_LIBRARY = "libc++";
				CLANG_ENABLE_MODULES = YES;
				CLANG_ENABLE_OBJC_ARC = YES;
				CLANG_ENABLE_OBJC_WEAK = YES;
				CLANG_WARN_BLOCK_CAPTURE_AUTORELEASING = YES;
				CLANG_WARN_BOOL_CONVERSION = YES;
				CLANG_WARN_COMMA = YES;
				CLANG_WARN_CONSTANT_CONVERSION = YES;
				CLANG_WARN_DEPRECATED_OBJC_IMPLEMENTATIONS = YES;
				CLANG_WARN_DIRECT_OBJC_ISA_USAGE = YES_ERROR;
				CLANG_WARN_DOCUMENTATION_COMMENTS = YES;
				CLANG_WARN_EMPTY_BODY = YES;
				CLANG_WARN_ENUM_CONVERSION = YES;
				CLANG_WARN_INFINITE_RECURSION = YES;
				CLANG_WARN_INT_CONVERSION = YES;
				CLANG_WARN_NON_LITERAL_NULL_CONVERSION = YES;
				CLANG_WARN_OBJC_IMPLICIT_RETAIN_SELF = YES;
				CLANG_WARN_OBJC_LITERAL_CONVERSION = YES;
				CLANG_WARN_OBJC_ROOT_CLASS = YES_ERROR;
				CLANG_WARN_QUOTED_INCLUDE_IN_FRAMEWORK_HEADER = YES;
				CLANG_WARN_RANGE_LOOP_ANALYSIS = YES;
				CLANG_WARN_STRICT_PROTOTYPES = YES;
				CLANG_WARN_SUSPICIOUS_MOVE = YES;
				CLANG_WARN_UNGUARDED_AVAILABILITY = YES_AGGRESSIVE;
				CLANG_WARN_UNREACHABLE_CODE = YES;
				CLANG_WARN__DUPLICATE_METHOD_MATCH = YES;
				COPY_PHASE_STRIP = NO;
				DEBUG_INFORMATION_FORMAT = dwarf;
				ENABLE_STRICT_OBJC_MSGSEND = YES;
				ENABLE_TESTABILITY = YES;
				GCC_C_LANGUAGE_STANDARD = gnu11;
				GCC_DYNAMIC_NO_PIC = NO;
				GCC_NO_COMMON_BLOCKS = YES;
				GCC_OPTIMIZATION_LEVEL = 0;
				GCC_PREPROCESSOR_DEFINITIONS = (
					"DEBUG=1",
					"$(inherited)",
				);
				GCC_WARN_64_TO_32_BIT_CONVERSION = YES;
				GCC_WARN_ABOUT_RETURN_TYPE = YES_ERROR;
				GCC_WARN_UNDECLARED_SELECTOR = YES;
				GCC_WARN_UNINITIALIZED_AUTOS = YES_AGGRESSIVE;
				GCC_WARN_UNUSED_FUNCTION = YES;
				GCC_WARN_UNUSED_VARIABLE = YES;
				IPHONEOS_DEPLOYMENT_TARGET = 14.5;
				MTL_ENABLE_DEBUG_INFO = INCLUDE_SOURCE;
				MTL_FAST_MATH = YES;
				ONLY_ACTIVE_ARCH = YES;
				SDKROOT = iphoneos;
				SWIFT_ACTIVE_COMPILATION_CONDITIONS = DEBUG;
				SWIFT_OPTIMIZATION_LEVEL = "-Onone";
			};
			name = Debug;
		};
		70F8109D268D441400EC441E /* Release */ = {
			isa = XCBuildConfiguration;
			buildSettings = {
				ALWAYS_SEARCH_USER_PATHS = NO;
				CLANG_ANALYZER_NONNULL = YES;
				CLANG_ANALYZER_NUMBER_OBJECT_CONVERSION = YES_AGGRESSIVE;
				CLANG_CXX_LANGUAGE_STANDARD = "gnu++14";
				CLANG_CXX_LIBRARY = "libc++";
				CLANG_ENABLE_MODULES = YES;
				CLANG_ENABLE_OBJC_ARC = YES;
				CLANG_ENABLE_OBJC_WEAK = YES;
				CLANG_WARN_BLOCK_CAPTURE_AUTORELEASING = YES;
				CLANG_WARN_BOOL_CONVERSION = YES;
				CLANG_WARN_COMMA = YES;
				CLANG_WARN_CONSTANT_CONVERSION = YES;
				CLANG_WARN_DEPRECATED_OBJC_IMPLEMENTATIONS = YES;
				CLANG_WARN_DIRECT_OBJC_ISA_USAGE = YES_ERROR;
				CLANG_WARN_DOCUMENTATION_COMMENTS = YES;
				CLANG_WARN_EMPTY_BODY = YES;
				CLANG_WARN_ENUM_CONVERSION = YES;
				CLANG_WARN_INFINITE_RECURSION = YES;
				CLANG_WARN_INT_CONVERSION = YES;
				CLANG_WARN_NON_LITERAL_NULL_CONVERSION = YES;
				CLANG_WARN_OBJC_IMPLICIT_RETAIN_SELF = YES;
				CLANG_WARN_OBJC_LITERAL_CONVERSION = YES;
				CLANG_WARN_OBJC_ROOT_CLASS = YES_ERROR;
				CLANG_WARN_QUOTED_INCLUDE_IN_FRAMEWORK_HEADER = YES;
				CLANG_WARN_RANGE_LOOP_ANALYSIS = YES;
				CLANG_WARN_STRICT_PROTOTYPES = YES;
				CLANG_WARN_SUSPICIOUS_MOVE = YES;
				CLANG_WARN_UNGUARDED_AVAILABILITY = YES_AGGRESSIVE;
				CLANG_WARN_UNREACHABLE_CODE = YES;
				CLANG_WARN__DUPLICATE_METHOD_MATCH = YES;
				COPY_PHASE_STRIP = NO;
				DEBUG_INFORMATION_FORMAT = "dwarf-with-dsym";
				ENABLE_NS_ASSERTIONS = NO;
				ENABLE_STRICT_OBJC_MSGSEND = YES;
				GCC_C_LANGUAGE_STANDARD = gnu11;
				GCC_NO_COMMON_BLOCKS = YES;
				GCC_WARN_64_TO_32_BIT_CONVERSION = YES;
				GCC_WARN_ABOUT_RETURN_TYPE = YES_ERROR;
				GCC_WARN_UNDECLARED_SELECTOR = YES;
				GCC_WARN_UNINITIALIZED_AUTOS = YES_AGGRESSIVE;
				GCC_WARN_UNUSED_FUNCTION = YES;
				GCC_WARN_UNUSED_VARIABLE = YES;
				IPHONEOS_DEPLOYMENT_TARGET = 14.5;
				MTL_ENABLE_DEBUG_INFO = NO;
				MTL_FAST_MATH = YES;
				SDKROOT = iphoneos;
				SWIFT_COMPILATION_MODE = wholemodule;
				SWIFT_OPTIMIZATION_LEVEL = "-O";
				VALIDATE_PRODUCT = YES;
			};
			name = Release;
		};
		70F8109F268D441400EC441E /* Debug */ = {
			isa = XCBuildConfiguration;
			baseConfigurationReference = 200E1FDCBA9ACB396F982322 /* Pods-CatchPracticleTestDemo.debug.xcconfig */;
			buildSettings = {
				ASSETCATALOG_COMPILER_APPICON_NAME = AppIcon;
				ASSETCATALOG_COMPILER_GLOBAL_ACCENT_COLOR_NAME = AccentColor;
				CODE_SIGN_STYLE = Automatic;
				INFOPLIST_FILE = CatchPracticleTestDemo/Info.plist;
				LD_RUNPATH_SEARCH_PATHS = (
					"$(inherited)",
					"@executable_path/Frameworks",
				);
				PRODUCT_BUNDLE_IDENTIFIER = com.RavinaKaniyawala.CatchPracticleTestDemo;
				PRODUCT_NAME = "$(TARGET_NAME)";
				SWIFT_VERSION = 5.0;
				TARGETED_DEVICE_FAMILY = "1,2";
			};
			name = Debug;
		};
		70F810A0268D441400EC441E /* Release */ = {
			isa = XCBuildConfiguration;
			baseConfigurationReference = 63AA4E54C0CB92E658B07285 /* Pods-CatchPracticleTestDemo.release.xcconfig */;
			buildSettings = {
				ASSETCATALOG_COMPILER_APPICON_NAME = AppIcon;
				ASSETCATALOG_COMPILER_GLOBAL_ACCENT_COLOR_NAME = AccentColor;
				CODE_SIGN_STYLE = Automatic;
				INFOPLIST_FILE = CatchPracticleTestDemo/Info.plist;
				LD_RUNPATH_SEARCH_PATHS = (
					"$(inherited)",
					"@executable_path/Frameworks",
				);
				PRODUCT_BUNDLE_IDENTIFIER = com.RavinaKaniyawala.CatchPracticleTestDemo;
				PRODUCT_NAME = "$(TARGET_NAME)";
				SWIFT_VERSION = 5.0;
				TARGETED_DEVICE_FAMILY = "1,2";
			};
			name = Release;
		};
		70F810A2268D441400EC441E /* Debug */ = {
			isa = XCBuildConfiguration;
			baseConfigurationReference = 8327F8D158628A08D3197AB9 /* Pods-CatchPracticleTestDemoTests.debug.xcconfig */;
			buildSettings = {
				ALWAYS_EMBED_SWIFT_STANDARD_LIBRARIES = YES;
				BUNDLE_LOADER = "$(TEST_HOST)";
				CODE_SIGN_STYLE = Automatic;
				INFOPLIST_FILE = CatchPracticleTestDemoTests/Info.plist;
				IPHONEOS_DEPLOYMENT_TARGET = 14.5;
				LD_RUNPATH_SEARCH_PATHS = (
					"$(inherited)",
					"@executable_path/Frameworks",
					"@loader_path/Frameworks",
				);
				PRODUCT_BUNDLE_IDENTIFIER = com.RavinaKaniyawala.CatchPracticleTestDemoTests;
				PRODUCT_NAME = "$(TARGET_NAME)";
				SWIFT_VERSION = 5.0;
				TARGETED_DEVICE_FAMILY = "1,2";
				TEST_HOST = "$(BUILT_PRODUCTS_DIR)/CatchPracticleTestDemo.app/CatchPracticleTestDemo";
			};
			name = Debug;
		};
		70F810A3268D441400EC441E /* Release */ = {
			isa = XCBuildConfiguration;
			baseConfigurationReference = C221D4FF000E7A4871574E9E /* Pods-CatchPracticleTestDemoTests.release.xcconfig */;
			buildSettings = {
				ALWAYS_EMBED_SWIFT_STANDARD_LIBRARIES = YES;
				BUNDLE_LOADER = "$(TEST_HOST)";
				CODE_SIGN_STYLE = Automatic;
				INFOPLIST_FILE = CatchPracticleTestDemoTests/Info.plist;
				IPHONEOS_DEPLOYMENT_TARGET = 14.5;
				LD_RUNPATH_SEARCH_PATHS = (
					"$(inherited)",
					"@executable_path/Frameworks",
					"@loader_path/Frameworks",
				);
				PRODUCT_BUNDLE_IDENTIFIER = com.RavinaKaniyawala.CatchPracticleTestDemoTests;
				PRODUCT_NAME = "$(TARGET_NAME)";
				SWIFT_VERSION = 5.0;
				TARGETED_DEVICE_FAMILY = "1,2";
				TEST_HOST = "$(BUILT_PRODUCTS_DIR)/CatchPracticleTestDemo.app/CatchPracticleTestDemo";
			};
			name = Release;
		};
		70F810A5268D441400EC441E /* Debug */ = {
			isa = XCBuildConfiguration;
			baseConfigurationReference = 640C46C8F731F110DB1A485E /* Pods-CatchPracticleTestDemo-CatchPracticleTestDemoUITests.debug.xcconfig */;
			buildSettings = {
				ALWAYS_EMBED_SWIFT_STANDARD_LIBRARIES = YES;
				CODE_SIGN_STYLE = Automatic;
				INFOPLIST_FILE = CatchPracticleTestDemoUITests/Info.plist;
				LD_RUNPATH_SEARCH_PATHS = (
					"$(inherited)",
					"@executable_path/Frameworks",
					"@loader_path/Frameworks",
				);
				PRODUCT_BUNDLE_IDENTIFIER = com.RavinaKaniyawala.CatchPracticleTestDemoUITests;
				PRODUCT_NAME = "$(TARGET_NAME)";
				SWIFT_VERSION = 5.0;
				TARGETED_DEVICE_FAMILY = "1,2";
				TEST_TARGET_NAME = CatchPracticleTestDemo;
			};
			name = Debug;
		};
		70F810A6268D441400EC441E /* Release */ = {
			isa = XCBuildConfiguration;
			baseConfigurationReference = E85094D295F9D36B0AC939BF /* Pods-CatchPracticleTestDemo-CatchPracticleTestDemoUITests.release.xcconfig */;
			buildSettings = {
				ALWAYS_EMBED_SWIFT_STANDARD_LIBRARIES = YES;
				CODE_SIGN_STYLE = Automatic;
				INFOPLIST_FILE = CatchPracticleTestDemoUITests/Info.plist;
				LD_RUNPATH_SEARCH_PATHS = (
					"$(inherited)",
					"@executable_path/Frameworks",
					"@loader_path/Frameworks",
				);
				PRODUCT_BUNDLE_IDENTIFIER = com.RavinaKaniyawala.CatchPracticleTestDemoUITests;
				PRODUCT_NAME = "$(TARGET_NAME)";
				SWIFT_VERSION = 5.0;
				TARGETED_DEVICE_FAMILY = "1,2";
				TEST_TARGET_NAME = CatchPracticleTestDemo;
			};
			name = Release;
		};
/* End XCBuildConfiguration section */

/* Begin XCConfigurationList section */
		70F8106F268D441100EC441E /* Build configuration list for PBXProject "CatchPracticleTestDemo" */ = {
			isa = XCConfigurationList;
			buildConfigurations = (
				70F8109C268D441400EC441E /* Debug */,
				70F8109D268D441400EC441E /* Release */,
			);
			defaultConfigurationIsVisible = 0;
			defaultConfigurationName = Release;
		};
		70F8109E268D441400EC441E /* Build configuration list for PBXNativeTarget "CatchPracticleTestDemo" */ = {
			isa = XCConfigurationList;
			buildConfigurations = (
				70F8109F268D441400EC441E /* Debug */,
				70F810A0268D441400EC441E /* Release */,
			);
			defaultConfigurationIsVisible = 0;
			defaultConfigurationName = Release;
		};
		70F810A1268D441400EC441E /* Build configuration list for PBXNativeTarget "CatchPracticleTestDemoTests" */ = {
			isa = XCConfigurationList;
			buildConfigurations = (
				70F810A2268D441400EC441E /* Debug */,
				70F810A3268D441400EC441E /* Release */,
			);
			defaultConfigurationIsVisible = 0;
			defaultConfigurationName = Release;
		};
		70F810A4268D441400EC441E /* Build configuration list for PBXNativeTarget "CatchPracticleTestDemoUITests" */ = {
			isa = XCConfigurationList;
			buildConfigurations = (
				70F810A5268D441400EC441E /* Debug */,
				70F810A6268D441400EC441E /* Release */,
			);
			defaultConfigurationIsVisible = 0;
			defaultConfigurationName = Release;
		};
/* End XCConfigurationList section */
	};
	rootObject = 70F8106C268D441100EC441E /* Project object */;
}
